
Microsoft Visual Studio Solution File, Format Version 12.00
# Visual Studio Version 16
VisualStudioVersion = 16.0.31205.134
MinimumVisualStudioVersion = 10.0.40219.1
Project("{F184B08F-C81C-45F6-A57F-5ABD9991F28F}") = "HoujinWeb", "HoujinWeb.vbproj", "{0507EF0D-1306-4594-908A-B4095699E5A3}"
EndProject
Global
	GlobalSection(SolutionConfigurationPlatforms) = preSolution
		Debug|Any CPU = Debug|Any CPU
		Release|Any CPU = Release|Any CPU
	EndGlobalSection
	GlobalSection(ProjectConfigurationPlatforms) = postSolution
		{0507EF0D-1306-4594-908A-B4095699E5A3}.Debug|Any CPU.ActiveCfg = Debug|Any CPU
		{0507EF0D-1306-4594-908A-B4095699E5A3}.Debug|Any CPU.Build.0 = Debug|Any CPU
		{0507EF0D-1306-4594-908A-B4095699E5A3}.Release|Any CPU.ActiveCfg = Release|Any CPU
		{0507EF0D-1306-4594-908A-B4095699E5A3}.Release|Any CPU.Build.0 = Release|Any CPU
	EndGlobalSection
	GlobalSection(SolutionProperties) = preSolution
		HideSolutionNode = FALSE
	EndGlobalSection
	GlobalSection(ExtensibilityGlobals) = postSolution
		SolutionGuid = {2AC4347E-C588-4B67-B347-679D783B3705}
	EndGlobalSection
EndGlobal
